
Microsoft Visual Studio Solution File, Format Version 12.00
# Visual Studio Version 17
VisualStudioVersion = 17.11.35312.102
MinimumVisualStudioVersion = 10.0.40219.1
Project("{FAE04EC0-301F-11D3-BF4B-00C04F79EFBC}") = "Object & Class", "Object & Class\Object & Class.csproj", "{BA24C2E0-31EB-4FF6-A132-ECE54D3E91BD}"
EndProject
Project("{FAE04EC0-301F-11D3-BF4B-00C04F79EFBC}") = "Class & Object 2", "Class & Object 2\Class & Object 2.csproj", "{B746D1A8-F509-47B6-AE50-D86E6B7F555F}"
EndProject
Project("{FAE04EC0-301F-11D3-BF4B-00C04F79EFBC}") = "Inheritance", "Inheritance\Inheritance.csproj", "{93C791D4-97CB-4176-8154-24497898A988}"
EndProject
Project("{FAE04EC0-301F-11D3-BF4B-00C04F79EFBC}") = "Encapsulation", "Encapsulation\Encapsulation.csproj", "{F9EBD091-04DD-4AB4-B70F-1FC6E1EF4C32}"
EndProject
Project("{FAE04EC0-301F-11D3-BF4B-00C04F79EFBC}") = "Tugas", "Tugas\Tugas.csproj", "{33E36B4D-4D84-4501-867A-68A9AC2AD864}"
EndProject
Global
	GlobalSection(SolutionConfigurationPlatforms) = preSolution
		Debug|Any CPU = Debug|Any CPU
		Release|Any CPU = Release|Any CPU
	EndGlobalSection
	GlobalSection(ProjectConfigurationPlatforms) = postSolution
		{BA24C2E0-31EB-4FF6-A132-ECE54D3E91BD}.Debug|Any CPU.ActiveCfg = Debug|Any CPU
		{BA24C2E0-31EB-4FF6-A132-ECE54D3E91BD}.Debug|Any CPU.Build.0 = Debug|Any CPU
		{BA24C2E0-31EB-4FF6-A132-ECE54D3E91BD}.Release|Any CPU.ActiveCfg = Release|Any CPU
		{BA24C2E0-31EB-4FF6-A132-ECE54D3E91BD}.Release|Any CPU.Build.0 = Release|Any CPU
		{B746D1A8-F509-47B6-AE50-D86E6B7F555F}.Debug|Any CPU.ActiveCfg = Debug|Any CPU
		{B746D1A8-F509-47B6-AE50-D86E6B7F555F}.Debug|Any CPU.Build.0 = Debug|Any CPU
		{B746D1A8-F509-47B6-AE50-D86E6B7F555F}.Release|Any CPU.ActiveCfg = Release|Any CPU
		{B746D1A8-F509-47B6-AE50-D86E6B7F555F}.Release|Any CPU.Build.0 = Release|Any CPU
		{93C791D4-97CB-4176-8154-24497898A988}.Debug|Any CPU.ActiveCfg = Debug|Any CPU
		{93C791D4-97CB-4176-8154-24497898A988}.Debug|Any CPU.Build.0 = Debug|Any CPU
		{93C791D4-97CB-4176-8154-24497898A988}.Release|Any CPU.ActiveCfg = Release|Any CPU
		{93C791D4-97CB-4176-8154-24497898A988}.Release|Any CPU.Build.0 = Release|Any CPU
		{F9EBD091-04DD-4AB4-B70F-1FC6E1EF4C32}.Debug|Any CPU.ActiveCfg = Debug|Any CPU
		{F9EBD091-04DD-4AB4-B70F-1FC6E1EF4C32}.Debug|Any CPU.Build.0 = Debug|Any CPU
		{F9EBD091-04DD-4AB4-B70F-1FC6E1EF4C32}.Release|Any CPU.ActiveCfg = Release|Any CPU
		{F9EBD091-04DD-4AB4-B70F-1FC6E1EF4C32}.Release|Any CPU.Build.0 = Release|Any CPU
		{33E36B4D-4D84-4501-867A-68A9AC2AD864}.Debug|Any CPU.ActiveCfg = Debug|Any CPU
		{33E36B4D-4D84-4501-867A-68A9AC2AD864}.Debug|Any CPU.Build.0 = Debug|Any CPU
		{33E36B4D-4D84-4501-867A-68A9AC2AD864}.Release|Any CPU.ActiveCfg = Release|Any CPU
		{33E36B4D-4D84-4501-867A-68A9AC2AD864}.Release|Any CPU.Build.0 = Release|Any CPU
	EndGlobalSection
	GlobalSection(SolutionProperties) = preSolution
		HideSolutionNode = FALSE
	EndGlobalSection
	GlobalSection(ExtensibilityGlobals) = postSolution
		SolutionGuid = {43AF6999-EA68-41BD-B1C7-4100CEDCEDB6}
	EndGlobalSection
EndGlobal
